
Microsoft Visual Studio Solution File, Format Version 12.00
# Visual Studio Version 16
VisualStudioVersion = 16.0.29230.47
MinimumVisualStudioVersion = 10.0.40219.1
Project("{9A19103F-16F7-4668-BE54-9A1E7A4F7556}") = "Domain", "Domain\Domain.csproj", "{CD12D31D-AB8B-4D17-8206-BA999C53FF3E}"
EndProject
Project("{9A19103F-16F7-4668-BE54-9A1E7A4F7556}") = "Persistence", "Persistence\Persistence.csproj", "{3E840DDC-09FE-4738-BC4E-CA5B434DED14}"
EndProject
Project("{9A19103F-16F7-4668-BE54-9A1E7A4F7556}") = "Application", "Application\Application.csproj", "{7B7825CA-06E5-404A-8576-9993C8F50AA7}"
EndProject
Project("{9A19103F-16F7-4668-BE54-9A1E7A4F7556}") = "Dependencies", "Dependencies\Dependencies.csproj", "{EDF4DA44-5AE0-4746-AEF5-99F4C63C8204}"
EndProject
Project("{FAE04EC0-301F-11D3-BF4B-00C04F79EFBC}") = "Presentation", "Presentation\Presentation.csproj", "{0DE60B58-4A24-4B09-8290-C6ECC226BB66}"
EndProject
Global
	GlobalSection(SolutionConfigurationPlatforms) = preSolution
		Debug|Any CPU = Debug|Any CPU
		Release|Any CPU = Release|Any CPU
	EndGlobalSection
	GlobalSection(ProjectConfigurationPlatforms) = postSolution
		{CD12D31D-AB8B-4D17-8206-BA999C53FF3E}.Debug|Any CPU.ActiveCfg = Debug|Any CPU
		{CD12D31D-AB8B-4D17-8206-BA999C53FF3E}.Debug|Any CPU.Build.0 = Debug|Any CPU
		{CD12D31D-AB8B-4D17-8206-BA999C53FF3E}.Release|Any CPU.ActiveCfg = Release|Any CPU
		{CD12D31D-AB8B-4D17-8206-BA999C53FF3E}.Release|Any CPU.Build.0 = Release|Any CPU
		{3E840DDC-09FE-4738-BC4E-CA5B434DED14}.Debug|Any CPU.ActiveCfg = Debug|Any CPU
		{3E840DDC-09FE-4738-BC4E-CA5B434DED14}.Debug|Any CPU.Build.0 = Debug|Any CPU
		{3E840DDC-09FE-4738-BC4E-CA5B434DED14}.Release|Any CPU.ActiveCfg = Release|Any CPU
		{3E840DDC-09FE-4738-BC4E-CA5B434DED14}.Release|Any CPU.Build.0 = Release|Any CPU
		{7B7825CA-06E5-404A-8576-9993C8F50AA7}.Debug|Any CPU.ActiveCfg = Debug|Any CPU
		{7B7825CA-06E5-404A-8576-9993C8F50AA7}.Debug|Any CPU.Build.0 = Debug|Any CPU
		{7B7825CA-06E5-404A-8576-9993C8F50AA7}.Release|Any CPU.ActiveCfg = Release|Any CPU
		{7B7825CA-06E5-404A-8576-9993C8F50AA7}.Release|Any CPU.Build.0 = Release|Any CPU
		{EDF4DA44-5AE0-4746-AEF5-99F4C63C8204}.Debug|Any CPU.ActiveCfg = Debug|Any CPU
		{EDF4DA44-5AE0-4746-AEF5-99F4C63C8204}.Debug|Any CPU.Build.0 = Debug|Any CPU
		{EDF4DA44-5AE0-4746-AEF5-99F4C63C8204}.Release|Any CPU.ActiveCfg = Release|Any CPU
		{EDF4DA44-5AE0-4746-AEF5-99F4C63C8204}.Release|Any CPU.Build.0 = Release|Any CPU
		{0DE60B58-4A24-4B09-8290-C6ECC226BB66}.Debug|Any CPU.ActiveCfg = Debug|Any CPU
		{0DE60B58-4A24-4B09-8290-C6ECC226BB66}.Debug|Any CPU.Build.0 = Debug|Any CPU
		{0DE60B58-4A24-4B09-8290-C6ECC226BB66}.Release|Any CPU.ActiveCfg = Release|Any CPU
		{0DE60B58-4A24-4B09-8290-C6ECC226BB66}.Release|Any CPU.Build.0 = Release|Any CPU
	EndGlobalSection
	GlobalSection(SolutionProperties) = preSolution
		HideSolutionNode = FALSE
	EndGlobalSection
	GlobalSection(ExtensibilityGlobals) = postSolution
		SolutionGuid = {BAC148B2-C3E7-4AA5-A131-110C73E42268}
	EndGlobalSection
EndGlobal
